
Microsoft Visual Studio Solution File, Format Version 12.00
# Visual Studio 15
VisualStudioVersion = 15.0.27130.2010
MinimumVisualStudioVersion = 10.0.40219.1
Project("{FAE04EC0-301F-11D3-BF4B-00C04F79EFBC}") = "upvoteNotification", "upvoteNotification\upvoteNotification.csproj", "{382F589F-E673-4E2F-9454-4693330D3472}"
EndProject
Global
	GlobalSection(SolutionConfigurationPlatforms) = preSolution
		Debug|Any CPU = Debug|Any CPU
		Release|Any CPU = Release|Any CPU
	EndGlobalSection
	GlobalSection(ProjectConfigurationPlatforms) = postSolution
		{382F589F-E673-4E2F-9454-4693330D3472}.Debug|Any CPU.ActiveCfg = Debug|Any CPU
		{382F589F-E673-4E2F-9454-4693330D3472}.Debug|Any CPU.Build.0 = Debug|Any CPU
		{382F589F-E673-4E2F-9454-4693330D3472}.Release|Any CPU.ActiveCfg = Release|Any CPU
		{382F589F-E673-4E2F-9454-4693330D3472}.Release|Any CPU.Build.0 = Release|Any CPU
	EndGlobalSection
	GlobalSection(SolutionProperties) = preSolution
		HideSolutionNode = FALSE
	EndGlobalSection
	GlobalSection(ExtensibilityGlobals) = postSolution
		SolutionGuid = {61C41648-A764-4E13-A8B5-CE725BCE87C7}
	EndGlobalSection
EndGlobal
